<?xml version="1.0" encoding="utf-8"?>
<Project ToolsVersion="4.0" xmlns="http://schemas.microsoft.com/developer/msbuild/2003">
  <ItemGroup>
    <Filter Include="src">
      <UniqueIdentifier>{5150b6cc-89e1-472c-9d4b-cf93e4b3aa1b}</UniqueIdentifier>
    </Filter>
    <Filter Include="src\games">
      <UniqueIdentifier>{0ff17c51-7972-469e-a9e7-ebc87cc09e0f}</UniqueIdentifier>
    </Filter>
  </ItemGroup>
  <ItemGroup>
    <ClInclude Include="games.h">
      <Filter>src</Filter>
    </ClInclude>
    <ClInclude Include="games\game.h">
      <Filter>src\games</Filter>
    </ClInclude>
    <ClInclude Include="games\memory.hpp">
      <Filter>src\games</Filter>
    </ClInclude>
    <ClInclude Include="games\timer.hpp">
      <Filter>src\games</Filter>
    </ClInclude>
    <ClInclude Include="games\skills.h">
      <Filter>src\games</Filter>
    </ClInclude>
    <ClInclude Include="games\avatar.h">
      <Filter>src\games</Filter>
    </ClInclude>
    <ClInclude Include="games\base.h">
      <Filter>src\games</Filter>
    </ClInclude>
  </ItemGroup>
  <ItemGroup>
    <ClCompile Include="games\skills.cpp">
      <Filter>src\games</Filter>
    </ClCompile>
    <ClCompile Include="games\main.cpp" />
    <ClCompile Include="games\game.cpp">
      <Filter>src\games</Filter>
    </ClCompile>
    <ClCompile Include="games\avatar.cpp">
      <Filter>src\games</Filter>
    </ClCompile>
  </ItemGroup>
</Project>