<?xml version="1.0" encoding="utf-8"?>
<Project ToolsVersion="4.0" xmlns="http://schemas.microsoft.com/developer/msbuild/2003">
  <ItemGroup>
    <Filter Include="test">
      <UniqueIdentifier>{2fcaedcd-a395-4e4a-980e-0d82cd601010}</UniqueIdentifier>
    </Filter>
    <Filter Include="model">
      <UniqueIdentifier>{c70173c5-20df-493f-892a-a4df9b5c194d}</UniqueIdentifier>
    </Filter>
    <Filter Include="docs">
      <UniqueIdentifier>{796c108f-bbeb-4e1d-addb-d62d74c5638c}</UniqueIdentifier>
    </Filter>
    <Filter Include="docs\nana">
      <UniqueIdentifier>{3caf2b54-6519-40d4-b3f4-400d45245837}</UniqueIdentifier>
    </Filter>
    <Filter Include="bin">
      <UniqueIdentifier>{21c47e22-277f-4759-8363-f4d5c9e4ce51}</UniqueIdentifier>
    </Filter>
  </ItemGroup>
  <ItemGroup>
    <ClInclude Include="model\IFrame.h">
      <Filter>model</Filter>
    </ClInclude>
    <ClInclude Include="model\IPanel.hpp">
      <Filter>model</Filter>
    </ClInclude>
    <ClInclude Include="model\NanaFrame.hpp">
      <Filter>model</Filter>
    </ClInclude>
    <ClInclude Include="model\NanaPanel.h">
      <Filter>model</Filter>
    </ClInclude>
  </ItemGroup>
  <ItemGroup>
    <ClCompile Include="model\NanaPanel.cpp">
      <Filter>model</Filter>
    </ClCompile>
    <ClCompile Include="test\test.main.cpp">
      <Filter>test</Filter>
    </ClCompile>
  </ItemGroup>
  <ItemGroup>
    <None Include="..\lib\nana\README.md">
      <Filter>docs\nana</Filter>
    </None>
  </ItemGroup>
  <ItemGroup>
    <Library Include="..\lib\bin\nana_v140_Debug_x64.lib">
      <Filter>bin</Filter>
    </Library>
  </ItemGroup>
</Project>